
Microsoft Visual Studio Solution File, Format Version 12.00
# Visual Studio Version 17
VisualStudioVersion = 17.2.32519.379
MinimumVisualStudioVersion = 10.0.40219.1
Project("{FAE04EC0-301F-11D3-BF4B-00C04F79EFBC}") = "Peliculas.Server", "Peliculas\Server\Peliculas.Server.csproj", "{26C453A6-8A00-41FC-BB33-3FB07C65D014}"
EndProject
Project("{FAE04EC0-301F-11D3-BF4B-00C04F79EFBC}") = "Peliculas.Client", "Peliculas\Client\Peliculas.Client.csproj", "{79D2022B-6BBD-41C6-ABAB-84EA3B4BAD06}"
EndProject
Project("{FAE04EC0-301F-11D3-BF4B-00C04F79EFBC}") = "Peliculas.Shared", "Peliculas\Shared\Peliculas.Shared.csproj", "{99BCBA5F-91C4-4A8D-8526-072D9C77F6C0}"
EndProject
Global
	GlobalSection(SolutionConfigurationPlatforms) = preSolution
		Debug|Any CPU = Debug|Any CPU
		Release|Any CPU = Release|Any CPU
	EndGlobalSection
	GlobalSection(ProjectConfigurationPlatforms) = postSolution
		{26C453A6-8A00-41FC-BB33-3FB07C65D014}.Debug|Any CPU.ActiveCfg = Debug|Any CPU
		{26C453A6-8A00-41FC-BB33-3FB07C65D014}.Debug|Any CPU.Build.0 = Debug|Any CPU
		{26C453A6-8A00-41FC-BB33-3FB07C65D014}.Release|Any CPU.ActiveCfg = Release|Any CPU
		{26C453A6-8A00-41FC-BB33-3FB07C65D014}.Release|Any CPU.Build.0 = Release|Any CPU
		{79D2022B-6BBD-41C6-ABAB-84EA3B4BAD06}.Debug|Any CPU.ActiveCfg = Debug|Any CPU
		{79D2022B-6BBD-41C6-ABAB-84EA3B4BAD06}.Debug|Any CPU.Build.0 = Debug|Any CPU
		{79D2022B-6BBD-41C6-ABAB-84EA3B4BAD06}.Release|Any CPU.ActiveCfg = Release|Any CPU
		{79D2022B-6BBD-41C6-ABAB-84EA3B4BAD06}.Release|Any CPU.Build.0 = Release|Any CPU
		{99BCBA5F-91C4-4A8D-8526-072D9C77F6C0}.Debug|Any CPU.ActiveCfg = Debug|Any CPU
		{99BCBA5F-91C4-4A8D-8526-072D9C77F6C0}.Debug|Any CPU.Build.0 = Debug|Any CPU
		{99BCBA5F-91C4-4A8D-8526-072D9C77F6C0}.Release|Any CPU.ActiveCfg = Release|Any CPU
		{99BCBA5F-91C4-4A8D-8526-072D9C77F6C0}.Release|Any CPU.Build.0 = Release|Any CPU
	EndGlobalSection
	GlobalSection(SolutionProperties) = preSolution
		HideSolutionNode = FALSE
	EndGlobalSection
	GlobalSection(ExtensibilityGlobals) = postSolution
		SolutionGuid = {DD7EF0D3-BF9C-4188-8592-41EB998C71F5}
	EndGlobalSection
EndGlobal
